
Microsoft Visual Studio Solution File, Format Version 12.00
# Visual Studio 15
VisualStudioVersion = 15.0.28307.645
MinimumVisualStudioVersion = 10.0.40219.1
Project("{FAE04EC0-301F-11D3-BF4B-00C04F79EFBC}") = "Voxelizer", "Voxelizer\Voxelizer.csproj", "{406D97AE-0A4C-48BB-8AD0-099E99228D16}"
EndProject
Global
	GlobalSection(SolutionConfigurationPlatforms) = preSolution
		Debug|Any CPU = Debug|Any CPU
		Release|Any CPU = Release|Any CPU
	EndGlobalSection
	GlobalSection(ProjectConfigurationPlatforms) = postSolution
		{406D97AE-0A4C-48BB-8AD0-099E99228D16}.Debug|Any CPU.ActiveCfg = Debug|Any CPU
		{406D97AE-0A4C-48BB-8AD0-099E99228D16}.Debug|Any CPU.Build.0 = Debug|Any CPU
		{406D97AE-0A4C-48BB-8AD0-099E99228D16}.Release|Any CPU.ActiveCfg = Release|Any CPU
		{406D97AE-0A4C-48BB-8AD0-099E99228D16}.Release|Any CPU.Build.0 = Release|Any CPU
	EndGlobalSection
	GlobalSection(SolutionProperties) = preSolution
		HideSolutionNode = FALSE
	EndGlobalSection
	GlobalSection(ExtensibilityGlobals) = postSolution
		SolutionGuid = {18577D47-1739-4155-8730-B71A341249ED}
	EndGlobalSection
EndGlobal
